
Microsoft Visual Studio Solution File, Format Version 12.00
# Visual Studio 15
VisualStudioVersion = 15.0.26730.16
MinimumVisualStudioVersion = 10.0.40219.1
Project("{9A19103F-16F7-4668-BE54-9A1E7A4F7556}") = "GameOfDrones.Models", "GameOfDrones.Models\GameOfDrones.Models.csproj", "{404DD342-5A6B-4753-8BE7-949D7647C2B7}"
EndProject
Project("{9A19103F-16F7-4668-BE54-9A1E7A4F7556}") = "GameOfDrones.Data", "GameOfDrones.Data\GameOfDrones.Data.csproj", "{F94929C6-C0C6-4A62-881A-322A560252AB}"
EndProject
Project("{9A19103F-16F7-4668-BE54-9A1E7A4F7556}") = "GameOfDrones.Services", "GameOfDrones.Services\GameOfDrones.Services.csproj", "{B77D121E-AD3F-4A5B-8416-19879A0A3AC9}"
EndProject
Project("{FAE04EC0-301F-11D3-BF4B-00C04F79EFBC}") = "GameOfDrones.WebAPI", "GameOfDrones.WebAPI\GameOfDrones.WebAPI.csproj", "{09501034-9560-41A7-AEFA-0064C8E246A6}"
EndProject
Global
	GlobalSection(SolutionConfigurationPlatforms) = preSolution
		Debug|Any CPU = Debug|Any CPU
		Release|Any CPU = Release|Any CPU
	EndGlobalSection
	GlobalSection(ProjectConfigurationPlatforms) = postSolution
		{404DD342-5A6B-4753-8BE7-949D7647C2B7}.Debug|Any CPU.ActiveCfg = Debug|Any CPU
		{404DD342-5A6B-4753-8BE7-949D7647C2B7}.Debug|Any CPU.Build.0 = Debug|Any CPU
		{404DD342-5A6B-4753-8BE7-949D7647C2B7}.Release|Any CPU.ActiveCfg = Release|Any CPU
		{404DD342-5A6B-4753-8BE7-949D7647C2B7}.Release|Any CPU.Build.0 = Release|Any CPU
		{F94929C6-C0C6-4A62-881A-322A560252AB}.Debug|Any CPU.ActiveCfg = Debug|Any CPU
		{F94929C6-C0C6-4A62-881A-322A560252AB}.Debug|Any CPU.Build.0 = Debug|Any CPU
		{F94929C6-C0C6-4A62-881A-322A560252AB}.Release|Any CPU.ActiveCfg = Release|Any CPU
		{F94929C6-C0C6-4A62-881A-322A560252AB}.Release|Any CPU.Build.0 = Release|Any CPU
		{B77D121E-AD3F-4A5B-8416-19879A0A3AC9}.Debug|Any CPU.ActiveCfg = Debug|Any CPU
		{B77D121E-AD3F-4A5B-8416-19879A0A3AC9}.Debug|Any CPU.Build.0 = Debug|Any CPU
		{B77D121E-AD3F-4A5B-8416-19879A0A3AC9}.Release|Any CPU.ActiveCfg = Release|Any CPU
		{B77D121E-AD3F-4A5B-8416-19879A0A3AC9}.Release|Any CPU.Build.0 = Release|Any CPU
		{09501034-9560-41A7-AEFA-0064C8E246A6}.Debug|Any CPU.ActiveCfg = Debug|Any CPU
		{09501034-9560-41A7-AEFA-0064C8E246A6}.Debug|Any CPU.Build.0 = Debug|Any CPU
		{09501034-9560-41A7-AEFA-0064C8E246A6}.Release|Any CPU.ActiveCfg = Release|Any CPU
		{09501034-9560-41A7-AEFA-0064C8E246A6}.Release|Any CPU.Build.0 = Release|Any CPU
	EndGlobalSection
	GlobalSection(SolutionProperties) = preSolution
		HideSolutionNode = FALSE
	EndGlobalSection
	GlobalSection(ExtensibilityGlobals) = postSolution
		SolutionGuid = {0E5B491E-250B-4600-BDDD-AE0487C8AA8C}
	EndGlobalSection
EndGlobal
